dependencies:
  espressif/cjson:
    component_hash: 9372811fb197926f522c467627cf4a8e72b681e0366e17879631da801103aef3
    dependencies:
    - name: idf
      require: private
      version: '>=5.0'
    source:
      registry_url: https://components.espressif.com/
      type: service
    version: 1.7.19
  idf:
    source:
      type: idf
    version: 6.0.0
direct_dependencies:
- espressif/cjson
manifest_hash: 0269b90621c4ef43b32a0a5ab56afcb0df5524623b965f0d45e0bf06ad578c8c
target: esp32c6
version: 2.0.0
